{
  "nodes": {
    "nixpkgs": {
      "locked": {
        "lastModified": 0,
        "narHash": "sha256-bDLXl2BVq7eIQz/8CduZI1SLyhG9u/CrckHd6f7bwPE=",
        "path": "/nix/store/lbf0kbc67zpm6xw6lia2fj1qskikaffz-source",
        "type": "path"
      },
      "original": {
        "id": "nixpkgs",
        "type": "indirect"
      }
    },
    "root": {
      "inputs": {
        "treefmt-nix": "treefmt-nix"
      }
    },
    "treefmt-nix": {
      "inputs": {
        "nixpkgs": "nixpkgs"
      },
      "locked": {
        "lastModified": 1663931154,
        "narHash": "sha256-EgkFPOczv9ylyKBMJPHf+yWBfebTWmtKTIRdUIoyhiA=",
        "owner": "numtide",
        "repo": "treefmt-nix",
        "rev": "d20a9a3cb12ad6bbea129b7cf7abd05a8d4f96fc",
        "type": "github"
      },
      "original": {
        "owner": "numtide",
        "repo": "treefmt-nix",
        "type": "github"
      }
    }
  },
  "root": "root",
  "version": 7
}
